Microsoft Visual Studio Solution File, Format Version 12.00
# Visual Studio Version 17
VisualStudioVersion = 17.5.2.0
MinimumVisualStudioVersion = 10.0.40219.1
Project("{FAE04EC0-301F-11D3-BF4B-00C04F79EFBC}") = "DZ", "DZ.csproj", "{9B11641C-1D54-C7E5-3822-227BA8C98B16}"
EndProject
Global
	GlobalSection(SolutionConfigurationPlatforms) = preSolution
		Debug|Any CPU = Debug|Any CPU
		Release|Any CPU = Release|Any CPU
	EndGlobalSection
	GlobalSection(ProjectConfigurationPlatforms) = postSolution
		{9B11641C-1D54-C7E5-3822-227BA8C98B16}.Debug|Any CPU.ActiveCfg = Debug|Any CPU
		{9B11641C-1D54-C7E5-3822-227BA8C98B16}.Debug|Any CPU.Build.0 = Debug|Any CPU
		{9B11641C-1D54-C7E5-3822-227BA8C98B16}.Release|Any CPU.ActiveCfg = Release|Any CPU
		{9B11641C-1D54-C7E5-3822-227BA8C98B16}.Release|Any CPU.Build.0 = Release|Any CPU
	EndGlobalSection
	GlobalSection(SolutionProperties) = preSolution
		HideSolutionNode = FALSE
	EndGlobalSection
	GlobalSection(ExtensibilityGlobals) = postSolution
		SolutionGuid = {74FAA935-6BF1-43E1-8909-894DBAE4D4F4}
	EndGlobalSection
EndGlobal
